// !$*UTF8*$!
{
	archiveVersion = 1;
	classes = {
	};
	objectVersion = 55;
	objects = {

/* Begin PBXBuildFile section */
		195BBE94285D91AC0055C555 /* WongiToolsApp.swift in Sources */ = {isa = PBXBuildFile; fileRef = 195BBE93285D91AC0055C555 /* WongiToolsApp.swift */; };
		195BBE96285D91AC0055C555 /* ContentView.swift in Sources */ = {isa = PBXBuildFile; fileRef = 195BBE95285D91AC0055C555 /* ContentView.swift */; };
		195BBE98285D91AE0055C555 /* Assets.xcassets in Resources */ = {isa = PBXBuildFile; fileRef = 195BBE97285D91AE0055C555 /* Assets.xcassets */; };
		195BBE9B285D91AE0055C555 /* Preview Assets.xcassets in Resources */ = {isa = PBXBuildFile; fileRef = 195BBE9A285D91AE0055C555 /* Preview Assets.xcassets */; };
		195BBE9F285D91AE0055C555 /* WongiTools WatchKit App.app in Embed Watch Content */ = {isa = PBXBuildFile; fileRef = 195BBE9E285D91AE0055C555 /* WongiTools WatchKit App.app */; settings = {ATTRIBUTES = (RemoveHeadersOnCopy, ); }; };
		195BBEA4285D91B00055C555 /* Assets.xcassets in Resources */ = {isa = PBXBuildFile; fileRef = 195BBEA3285D91B00055C555 /* Assets.xcassets */; };
		195BBEAA285D91B00055C555 /* WongiTools WatchKit Extension.appex in Embed App Extensions */ = {isa = PBXBuildFile; fileRef = 195BBEA9285D91B00055C555 /* WongiTools WatchKit Extension.appex */; settings = {ATTRIBUTES = (RemoveHeadersOnCopy, ); }; };
		195BBEAF285D91B00055C555 /* WongiToolsApp.swift in Sources */ = {isa = PBXBuildFile; fileRef = 195BBEAE285D91B00055C555 /* WongiToolsApp.swift */; };
		195BBEB1285D91B00055C555 /* StartView.swift in Sources */ = {isa = PBXBuildFile; fileRef = 195BBEB0285D91B00055C555 /* StartView.swift */; };
		195BBEB3285D91B00055C555 /* NotificationController.swift in Sources */ = {isa = PBXBuildFile; fileRef = 195BBEB2285D91B00055C555 /* NotificationController.swift */; };
		195BBEB5285D91B00055C555 /* NotificationView.swift in Sources */ = {isa = PBXBuildFile; fileRef = 195BBEB4285D91B00055C555 /* NotificationView.swift */; };
		195BBEB7285D91B00055C555 /* ComplicationController.swift in Sources */ = {isa = PBXBuildFile; fileRef = 195BBEB6285D91B00055C555 /* ComplicationController.swift */; };
		195BBEB9285D91B10055C555 /* Assets.xcassets in Resources */ = {isa = PBXBuildFile; fileRef = 195BBEB8285D91B10055C555 /* Assets.xcassets */; };
		195BBEBC285D91B10055C555 /* Preview Assets.xcassets in Resources */ = {isa = PBXBuildFile; fileRef = 195BBEBB285D91B10055C555 /* Preview Assets.xcassets */; };
		195BBED0285D931C0055C555 /* ControlsView.swift in Sources */ = {isa = PBXBuildFile; fileRef = 195BBECF285D931C0055C555 /* ControlsView.swift */; };
		1981A61228691272009B361E /* StatusView.swift in Sources */ = {isa = PBXBuildFile; fileRef = 1981A61128691272009B361E /* StatusView.swift */; };
		1981A61428691280009B361E /* ConfigView.swift in Sources */ = {isa = PBXBuildFile; fileRef = 1981A61328691280009B361E /* ConfigView.swift */; };
		1981A61A286923A3009B361E /* AppBackground.swift in Sources */ = {isa = PBXBuildFile; fileRef = 1981A619286923A3009B361E /* AppBackground.swift */; };
		1981A61D286940C2009B361E /* WTServerService.swift in Sources */ = {isa = PBXBuildFile; fileRef = 1981A61C286940C2009B361E /* WTServerService.swift */; };
		1981A61F286941D1009B361E /* UserDefaultsConstants.swift in Sources */ = {isa = PBXBuildFile; fileRef = 1981A61E286941D1009B361E /* UserDefaultsConstants.swift */; };
		1981A62228697120009B361E /* TestConnectionButton.swift in Sources */ = {isa = PBXBuildFile; fileRef = 1981A62128697120009B361E /* TestConnectionButton.swift */; };
		1981A62428697C7F009B361E /* WTServerProve.swift in Sources */ = {isa = PBXBuildFile; fileRef = 1981A62328697C7F009B361E /* WTServerProve.swift */; };
		1981A6262869810C009B361E /* PulseCircle.swift in Sources */ = {isa = PBXBuildFile; fileRef = 1981A6252869810C009B361E /* PulseCircle.swift */; };
		1981A6282869850E009B361E /* WTServerStatusCircle.swift in Sources */ = {isa = PBXBuildFile; fileRef = 1981A6272869850E009B361E /* WTServerStatusCircle.swift */; };
		1981A62A28699C49009B361E /* PhoneViewModel.swift in Sources */ = {isa = PBXBuildFile; fileRef = 1981A62928699C49009B361E /* PhoneViewModel.swift */; };
		1981A62D28699ED6009B361E /* SendHeartRateWTServer.swift in Sources */ = {isa = PBXBuildFile; fileRef = 1981A62C28699ED6009B361E /* SendHeartRateWTServer.swift */; };
		19828A34286A10AA00A22B32 /* WTServerFinder.swift in Sources */ = {isa = PBXBuildFile; fileRef = 19828A33286A10AA00A22B32 /* WTServerFinder.swift */; };
		19AFB101286802E7004A086C /* HealthKit.framework in Frameworks */ = {isa = PBXBuildFile; fileRef = 19AFB100286802E7004A086C /* HealthKit.framework */; };
		19AFB1042868031D004A086C /* HealthKit.framework in Frameworks */ = {isa = PBXBuildFile; fileRef = 19AFB1032868031D004A086C /* HealthKit.framework */; };
		19AFB10628680D22004A086C /* MetricsView.swift in Sources */ = {isa = PBXBuildFile; fileRef = 19AFB10528680D22004A086C /* MetricsView.swift */; };
		19AFB10828681747004A086C /* ElapsedTimeView.swift in Sources */ = {isa = PBXBuildFile; fileRef = 19AFB10728681747004A086C /* ElapsedTimeView.swift */; };
		19AFB10A28683716004A086C /* WorkoutManager.swift in Sources */ = {isa = PBXBuildFile; fileRef = 19AFB10928683716004A086C /* WorkoutManager.swift */; };
		19AFB10C2868592B004A086C /* WatchSessionManager.swift in Sources */ = {isa = PBXBuildFile; fileRef = 19AFB10B2868592B004A086C /* WatchSessionManager.swift */; };
		19AFB10F28685CC7004A086C /* WatchConnectivityConstants.swift in Sources */ = {isa = PBXBuildFile; fileRef = 19AFB10E28685CC7004A086C /* WatchConnectivityConstants.swift */; };
		19AFB11028685CC7004A086C /* WatchConnectivityConstants.swift in Sources */ = {isa = PBXBuildFile; fileRef = 19AFB10E28685CC7004A086C /* WatchConnectivityConstants.swift */; };
		19AFB11428685F38004A086C /* SendHeartRate.swift in Sources */ = {isa = PBXBuildFile; fileRef = 19AFB11228685F38004A086C /* SendHeartRate.swift */; };
		19AFB1162868616B004A086C /* WongiToolsAppViewModel.swift in Sources */ = {isa = PBXBuildFile; fileRef = 19AFB1152868616B004A086C /* WongiToolsAppViewModel.swift */; };
		19AFB118286862C6004A086C /* PhoneSessionManager.swift in Sources */ = {isa = PBXBuildFile; fileRef = 19AFB117286862C6004A086C /* PhoneSessionManager.swift */; };
		19AFB11B286868C5004A086C /* WatchConnectivityStatus.swift in Sources */ = {isa = PBXBuildFile; fileRef = 19AFB11A286868C5004A086C /* WatchConnectivityStatus.swift */; };
		19F0FB382869EDFE00D0B82E /* PulsingHeart.swift in Sources */ = {isa = PBXBuildFile; fileRef = 19F0FB372869EDFE00D0B82E /* PulsingHeart.swift */; };
		19F0FB3A2869EF4000D0B82E /* PhoneSessionStatusCircle.swift in Sources */ = {isa = PBXBuildFile; fileRef = 19F0FB392869EF4000D0B82E /* PhoneSessionStatusCircle.swift */; };
		19F0FB3E2869FE6C00D0B82E /* StopWorkoutSession.swift in Sources */ = {isa = PBXBuildFile; fileRef = 19F0FB3D2869FE6C00D0B82E /* StopWorkoutSession.swift */; };
		19F0FB41286A026F00D0B82E /* WTAddress.swift in Sources */ = {isa = PBXBuildFile; fileRef = 19F0FB40286A026F00D0B82E /* WTAddress.swift */; };
		19F0FB43286A029300D0B82E /* WTServerStatus.swift in Sources */ = {isa = PBXBuildFile; fileRef = 19F0FB42286A029300D0B82E /* WTServerStatus.swift */; };
		19F0FB45286A03E700D0B82E /* SendWatchStopSignal.swift in Sources */ = {isa = PBXBuildFile; fileRef = 19F0FB44286A03E700D0B82E /* SendWatchStopSignal.swift */; };
		7E214BE6B1FA445D33025EBD /* Pods_WongiTools_WatchKit_Extension.framework in Frameworks */ = {isa = PBXBuildFile; fileRef = F00F39C683B2DA4C6F02369D /* Pods_WongiTools_WatchKit_Extension.framework */; };
		AA83BBCE2DF79930E8E7CCF4 /* Pods_WongiTools.framework in Frameworks */ = {isa = PBXBuildFile; fileRef = 1004290F7EB4681320610B81 /* Pods_WongiTools.framework */; };
		F159ED80045582B4473CD358 /* Pods_WongiTools_WatchKit_App.framework in Frameworks */ = {isa = PBXBuildFile; fileRef = 4B84A1948333F75926C3E933 /* Pods_WongiTools_WatchKit_App.framework */; };
/* End PBXBuildFile section */

/* Begin PBXContainerItemProxy section */
		195BBEA0285D91AE0055C555 /* PBXContainerItemProxy */ = {
			isa = PBXContainerItemProxy;
			containerPortal = 195BBE88285D91AC0055C555 /* Project object */;
			proxyType = 1;
			remoteGlobalIDString = 195BBE9D285D91AE0055C555;
			remoteInfo = "WongiTools WatchKit App";
		};
		195BBEAB285D91B00055C555 /* PBXContainerItemProxy */ = {
			isa = PBXContainerItemProxy;
			containerPortal = 195BBE88285D91AC0055C555 /* Project object */;
			proxyType = 1;
			remoteGlobalIDString = 195BBEA8285D91B00055C555;
			remoteInfo = "WongiTools WatchKit Extension";
		};
/* End PBXContainerItemProxy section */

/* Begin PBXCopyFilesBuildPhase section */
		195BBEC4285D91B10055C555 /* Embed App Extensions */ = {
			isa = PBXCopyFilesBuildPhase;
			buildActionMask = 2147483647;
			dstPath = "";
			dstSubfolderSpec = 13;
			files = (
				195BBEAA285D91B00055C555 /* WongiTools WatchKit Extension.appex in Embed App Extensions */,
			);
			name = "Embed App Extensions";
			runOnlyForDeploymentPostprocessing = 0;
		};
		195BBEC8285D91B10055C555 /* Embed Watch Content */ = {
			isa = PBXCopyFilesBuildPhase;
			buildActionMask = 2147483647;
			dstPath = "$(CONTENTS_FOLDER_PATH)/Watch";
			dstSubfolderSpec = 16;
			files = (
				195BBE9F285D91AE0055C555 /* WongiTools WatchKit App.app in Embed Watch Content */,
			);
			name = "Embed Watch Content";
			runOnlyForDeploymentPostprocessing = 0;
		};
/* End PBXCopyFilesBuildPhase section */

/* Begin PBXFileReference section */
		1004290F7EB4681320610B81 /* Pods_WongiTools.framework */ = {isa = PBXFileReference; explicitFileType = wrapper.framework; includeInIndex = 0; path = Pods_WongiTools.framework; sourceTree = BUILT_PRODUCTS_DIR; };
		195BBE90285D91AC0055C555 /* WongiTools.app */ = {isa = PBXFileReference; explicitFileType = wrapper.application; includeInIndex = 0; path = WongiTools.app; sourceTree = BUILT_PRODUCTS_DIR; };
		195BBE93285D91AC0055C555 /* WongiToolsApp.swift */ = {isa = PBXFileReference; lastKnownFileType = sourcecode.swift; path = WongiToolsApp.swift; sourceTree = "<group>"; };
		195BBE95285D91AC0055C555 /* ContentView.swift */ = {isa = PBXFileReference; lastKnownFileType = sourcecode.swift; path = ContentView.swift; sourceTree = "<group>"; };
		195BBE97285D91AE0055C555 /* Assets.xcassets */ = {isa = PBXFileReference; lastKnownFileType = folder.assetcatalog; path = Assets.xcassets; sourceTree = "<group>"; };
		195BBE9A285D91AE0055C555 /* Preview Assets.xcassets */ = {isa = PBXFileReference; lastKnownFileType = folder.assetcatalog; path = "Preview Assets.xcassets"; sourceTree = "<group>"; };
		195BBE9E285D91AE0055C555 /* WongiTools WatchKit App.app */ = {isa = PBXFileReference; explicitFileType = wrapper.application; includeInIndex = 0; path = "WongiTools WatchKit App.app"; sourceTree = BUILT_PRODUCTS_DIR; };
		195BBEA3285D91B00055C555 /* Assets.xcassets */ = {isa = PBXFileReference; lastKnownFileType = folder.assetcatalog; path = Assets.xcassets; sourceTree = "<group>"; };
		195BBEA9285D91B00055C555 /* WongiTools WatchKit Extension.appex */ = {isa = PBXFileReference; explicitFileType = "wrapper.app-extension"; includeInIndex = 0; path = "WongiTools WatchKit Extension.appex"; sourceTree = BUILT_PRODUCTS_DIR; };
		195BBEAE285D91B00055C555 /* WongiToolsApp.swift */ = {isa = PBXFileReference; lastKnownFileType = sourcecode.swift; path = WongiToolsApp.swift; sourceTree = "<group>"; };
		195BBEB0285D91B00055C555 /* StartView.swift */ = {isa = PBXFileReference; lastKnownFileType = sourcecode.swift; path = StartView.swift; sourceTree = "<group>"; };
		195BBEB2285D91B00055C555 /* NotificationController.swift */ = {isa = PBXFileReference; lastKnownFileType = sourcecode.swift; path = NotificationController.swift; sourceTree = "<group>"; };
		195BBEB4285D91B00055C555 /* NotificationView.swift */ = {isa = PBXFileReference; lastKnownFileType = sourcecode.swift; path = NotificationView.swift; sourceTree = "<group>"; };
		195BBEB6285D91B00055C555 /* ComplicationController.swift */ = {isa = PBXFileReference; lastKnownFileType = sourcecode.swift; path = ComplicationController.swift; sourceTree = "<group>"; };
		195BBEB8285D91B10055C555 /* Assets.xcassets */ = {isa = PBXFileReference; lastKnownFileType = folder.assetcatalog; path = Assets.xcassets; sourceTree = "<group>"; };
		195BBEBB285D91B10055C555 /* Preview Assets.xcassets */ = {isa = PBXFileReference; lastKnownFileType = folder.assetcatalog; path = "Preview Assets.xcassets"; sourceTree = "<group>"; };
		195BBEBD285D91B10055C555 /* Info.plist */ = {isa = PBXFileReference; lastKnownFileType = text.plist.xml; path = Info.plist; sourceTree = "<group>"; };
		195BBEBE285D91B10055C555 /* PushNotificationPayload.apns */ = {isa = PBXFileReference; lastKnownFileType = text; path = PushNotificationPayload.apns; sourceTree = "<group>"; };
		195BBECF285D931C0055C555 /* ControlsView.swift */ = {isa = PBXFileReference; lastKnownFileType = sourcecode.swift; path = ControlsView.swift; sourceTree = "<group>"; };
		1981A61128691272009B361E /* StatusView.swift */ = {isa = PBXFileReference; lastKnownFileType = sourcecode.swift; path = StatusView.swift; sourceTree = "<group>"; };
		1981A61328691280009B361E /* ConfigView.swift */ = {isa = PBXFileReference; lastKnownFileType = sourcecode.swift; path = ConfigView.swift; sourceTree = "<group>"; };
		1981A619286923A3009B361E /* AppBackground.swift */ = {isa = PBXFileReference; lastKnownFileType = sourcecode.swift; path = AppBackground.swift; sourceTree = "<group>"; };
		1981A61C286940C2009B361E /* WTServerService.swift */ = {isa = PBXFileReference; lastKnownFileType = sourcecode.swift; path = WTServerService.swift; sourceTree = "<group>"; };
		1981A61E286941D1009B361E /* UserDefaultsConstants.swift */ = {isa = PBXFileReference; lastKnownFileType = sourcecode.swift; path = UserDefaultsConstants.swift; sourceTree = "<group>"; };
		1981A62128697120009B361E /* TestConnectionButton.swift */ = {isa = PBXFileReference; lastKnownFileType = sourcecode.swift; path = TestConnectionButton.swift; sourceTree = "<group>"; };
		1981A62328697C7F009B361E /* WTServerProve.swift */ = {isa = PBXFileReference; lastKnownFileType = sourcecode.swift; path = WTServerProve.swift; sourceTree = "<group>"; };
		1981A6252869810C009B361E /* PulseCircle.swift */ = {isa = PBXFileReference; lastKnownFileType = sourcecode.swift; path = PulseCircle.swift; sourceTree = "<group>"; };
		1981A6272869850E009B361E /* WTServerStatusCircle.swift */ = {isa = PBXFileReference; lastKnownFileType = sourcecode.swift; path = WTServerStatusCircle.swift; sourceTree = "<group>"; };
		1981A62928699C49009B361E /* PhoneViewModel.swift */ = {isa = PBXFileReference; lastKnownFileType = sourcecode.swift; path = PhoneViewModel.swift; sourceTree = "<group>"; };
		1981A62C28699ED6009B361E /* SendHeartRateWTServer.swift */ = {isa = PBXFileReference; lastKnownFileType = sourcecode.swift; path = SendHeartRateWTServer.swift; sourceTree = "<group>"; };
		19828A33286A10AA00A22B32 /* WTServerFinder.swift */ = {isa = PBXFileReference; lastKnownFileType = sourcecode.swift; path = WTServerFinder.swift; sourceTree = "<group>"; };
		19AFB0FD28680280004A086C /* Info.plist */ = {isa = PBXFileReference; lastKnownFileType = text.plist; path = Info.plist; sourceTree = "<group>"; };
		19AFB0FE286802E6004A086C /* WongiTools WatchKit Extension.entitlements */ = {isa = PBXFileReference; lastKnownFileType = text.plist.entitlements; path = "WongiTools WatchKit Extension.entitlements"; sourceTree = "<group>"; };
		19AFB100286802E7004A086C /* HealthKit.framework */ = {isa = PBXFileReference; lastKnownFileType = wrapper.framework; name = HealthKit.framework; path = Platforms/WatchOS.platform/Developer/SDKs/WatchOS8.5.sdk/System/Library/Frameworks/HealthKit.framework; sourceTree = DEVELOPER_DIR; };
		19AFB1022868031D004A086C /* WongiTools.entitlements */ = {isa = PBXFileReference; lastKnownFileType = text.plist.entitlements; path = WongiTools.entitlements; sourceTree = "<group>"; };
		19AFB1032868031D004A086C /* HealthKit.framework */ = {isa = PBXFileReference; lastKnownFileType = wrapper.framework; name = HealthKit.framework; path = Platforms/iPhoneOS.platform/Developer/SDKs/iPhoneOS15.5.sdk/System/Library/Frameworks/HealthKit.framework; sourceTree = DEVELOPER_DIR; };
		19AFB10528680D22004A086C /* MetricsView.swift */ = {isa = PBXFileReference; lastKnownFileType = sourcecode.swift; path = MetricsView.swift; sourceTree = "<group>"; };
		19AFB10728681747004A086C /* ElapsedTimeView.swift */ = {isa = PBXFileReference; lastKnownFileType = sourcecode.swift; path = ElapsedTimeView.swift; sourceTree = "<group>"; };
		19AFB10928683716004A086C /* WorkoutManager.swift */ = {isa = PBXFileReference; lastKnownFileType = sourcecode.swift; path = WorkoutManager.swift; sourceTree = "<group>"; };
		19AFB10B2868592B004A086C /* WatchSessionManager.swift */ = {isa = PBXFileReference; lastKnownFileType = sourcecode.swift; path = WatchSessionManager.swift; sourceTree = "<group>"; };
		19AFB10E28685CC7004A086C /* WatchConnectivityConstants.swift */ = {isa = PBXFileReference; lastKnownFileType = sourcecode.swift; path = WatchConnectivityConstants.swift; sourceTree = "<group>"; };
		19AFB11228685F38004A086C /* SendHeartRate.swift */ = {isa = PBXFileReference; lastKnownFileType = sourcecode.swift; path = SendHeartRate.swift; sourceTree = "<group>"; };
		19AFB1152868616B004A086C /* WongiToolsAppViewModel.swift */ = {isa = PBXFileReference; lastKnownFileType = sourcecode.swift; path = WongiToolsAppViewModel.swift; sourceTree = "<group>"; };
		19AFB117286862C6004A086C /* PhoneSessionManager.swift */ = {isa = PBXFileReference; lastKnownFileType = sourcecode.swift; path = PhoneSessionManager.swift; sourceTree = "<group>"; };
		19AFB11A286868C5004A086C /* WatchConnectivityStatus.swift */ = {isa = PBXFileReference; lastKnownFileType = sourcecode.swift; path = WatchConnectivityStatus.swift; sourceTree = "<group>"; };
		19F0FB372869EDFE00D0B82E /* PulsingHeart.swift */ = {isa = PBXFileReference; lastKnownFileType = sourcecode.swift; path = PulsingHeart.swift; sourceTree = "<group>"; };
		19F0FB392869EF4000D0B82E /* PhoneSessionStatusCircle.swift */ = {isa = PBXFileReference; lastKnownFileType = sourcecode.swift; path = PhoneSessionStatusCircle.swift; sourceTree = "<group>"; };
		19F0FB3D2869FE6C00D0B82E /* StopWorkoutSession.swift */ = {isa = PBXFileReference; lastKnownFileType = sourcecode.swift; path = StopWorkoutSession.swift; sourceTree = "<group>"; };
		19F0FB40286A026F00D0B82E /* WTAddress.swift */ = {isa = PBXFileReference; lastKnownFileType = sourcecode.swift; path = WTAddress.swift; sourceTree = "<group>"; };
		19F0FB42286A029300D0B82E /* WTServerStatus.swift */ = {isa = PBXFileReference; lastKnownFileType = sourcecode.swift; path = WTServerStatus.swift; sourceTree = "<group>"; };
		19F0FB44286A03E700D0B82E /* SendWatchStopSignal.swift */ = {isa = PBXFileReference; lastKnownFileType = sourcecode.swift; path = SendWatchStopSignal.swift; sourceTree = "<group>"; };
		2F3095137C5E5D3B7302BFBB /* Pods-WongiTools WatchKit App.release.xcconfig */ = {isa = PBXFileReference; includeInIndex = 1; lastKnownFileType = text.xcconfig; name = "Pods-WongiTools WatchKit App.release.xcconfig"; path = "Target Support Files/Pods-WongiTools WatchKit App/Pods-WongiTools WatchKit App.release.xcconfig"; sourceTree = "<group>"; };
		3C995207A8D2DC2819F79EB4 /* Pods-WongiTools WatchKit Extension.debug.xcconfig */ = {isa = PBXFileReference; includeInIndex = 1; lastKnownFileType = text.xcconfig; name = "Pods-WongiTools WatchKit Extension.debug.xcconfig"; path = "Target Support Files/Pods-WongiTools WatchKit Extension/Pods-WongiTools WatchKit Extension.debug.xcconfig"; sourceTree = "<group>"; };
		4A4B363201EB3A85015A61B3 /* Pods-WongiTools WatchKit Extension.release.xcconfig */ = {isa = PBXFileReference; includeInIndex = 1; lastKnownFileType = text.xcconfig; name = "Pods-WongiTools WatchKit Extension.release.xcconfig"; path = "Target Support Files/Pods-WongiTools WatchKit Extension/Pods-WongiTools WatchKit Extension.release.xcconfig"; sourceTree = "<group>"; };
		4B84A1948333F75926C3E933 /* Pods_WongiTools_WatchKit_App.framework */ = {isa = PBXFileReference; explicitFileType = wrapper.framework; includeInIndex = 0; path = Pods_WongiTools_WatchKit_App.framework; sourceTree = BUILT_PRODUCTS_DIR; };
		4EEAD07855D110FF324FB222 /* Pods-WongiTools.debug.xcconfig */ = {isa = PBXFileReference; includeInIndex = 1; lastKnownFileType = text.xcconfig; name = "Pods-WongiTools.debug.xcconfig"; path = "Target Support Files/Pods-WongiTools/Pods-WongiTools.debug.xcconfig"; sourceTree = "<group>"; };
		78D218DA31133CE584315E73 /* Pods-WongiTools WatchKit App.debug.xcconfig */ = {isa = PBXFileReference; includeInIndex = 1; lastKnownFileType = text.xcconfig; name = "Pods-WongiTools WatchKit App.debug.xcconfig"; path = "Target Support Files/Pods-WongiTools WatchKit App/Pods-WongiTools WatchKit App.debug.xcconfig"; sourceTree = "<group>"; };
		A43911FD08A4655240D36484 /* Pods-WongiTools.release.xcconfig */ = {isa = PBXFileReference; includeInIndex = 1; lastKnownFileType = text.xcconfig; name = "Pods-WongiTools.release.xcconfig"; path = "Target Support Files/Pods-WongiTools/Pods-WongiTools.release.xcconfig"; sourceTree = "<group>"; };
		F00F39C683B2DA4C6F02369D /* Pods_WongiTools_WatchKit_Extension.framework */ = {isa = PBXFileReference; explicitFileType = wrapper.framework; includeInIndex = 0; path = Pods_WongiTools_WatchKit_Extension.framework; sourceTree = BUILT_PRODUCTS_DIR; };
/* End PBXFileReference section */

/* Begin PBXFrameworksBuildPhase section */
		195BBE8D285D91AC0055C555 /* Frameworks */ = {
			isa = PBXFrameworksBuildPhase;
			buildActionMask = 2147483647;
			files = (
				19AFB1042868031D004A086C /* HealthKit.framework in Frameworks */,
				AA83BBCE2DF79930E8E7CCF4 /* Pods_WongiTools.framework in Frameworks */,
			);
			runOnlyForDeploymentPostprocessing = 0;
		};
		195BBEA6285D91B00055C555 /* Frameworks */ = {
			isa = PBXFrameworksBuildPhase;
			buildActionMask = 2147483647;
			files = (
				19AFB101286802E7004A086C /* HealthKit.framework in Frameworks */,
				7E214BE6B1FA445D33025EBD /* Pods_WongiTools_WatchKit_Extension.framework in Frameworks */,
			);
			runOnlyForDeploymentPostprocessing = 0;
		};
		3C9DF98F3639A1EC96709812 /* Frameworks */ = {
			isa = PBXFrameworksBuildPhase;
			buildActionMask = 2147483647;
			files = (
				F159ED80045582B4473CD358 /* Pods_WongiTools_WatchKit_App.framework in Frameworks */,
			);
			runOnlyForDeploymentPostprocessing = 0;
		};
/* End PBXFrameworksBuildPhase section */

/* Begin PBXGroup section */
		195BBE87285D91AC0055C555 = {
			isa = PBXGroup;
			children = (
				19AFB10D28685CB2004A086C /* Shared */,
				195BBE92285D91AC0055C555 /* WongiTools */,
				195BBEA2285D91AE0055C555 /* WongiTools WatchKit App */,
				195BBEAD285D91B00055C555 /* WongiTools WatchKit Extension */,
				195BBE91285D91AC0055C555 /* Products */,
				19AFB0FF286802E7004A086C /* Frameworks */,
				894E2FE9826E02F7191E238C /* Pods */,
			);
			sourceTree = "<group>";
		};
		195BBE91285D91AC0055C555 /* Products */ = {
			isa = PBXGroup;
			children = (
				195BBE90285D91AC0055C555 /* WongiTools.app */,
				195BBE9E285D91AE0055C555 /* WongiTools WatchKit App.app */,
				195BBEA9285D91B00055C555 /* WongiTools WatchKit Extension.appex */,
			);
			name = Products;
			sourceTree = "<group>";
		};
		195BBE92285D91AC0055C555 /* WongiTools */ = {
			isa = PBXGroup;
			children = (
				19F0FB3F286A026100D0B82E /* WTServer */,
				1981A62B28699EC0009B361E /* Use Cases */,
				1981A6202869710C009B361E /* Components */,
				1981A61B286940A6009B361E /* Services */,
				1981A61828692391009B361E /* Modifiers */,
				1981A61028690B1E009B361E /* Views */,
				19AFB1022868031D004A086C /* WongiTools.entitlements */,
				19AFB0FD28680280004A086C /* Info.plist */,
				195BBE93285D91AC0055C555 /* WongiToolsApp.swift */,
				195BBE97285D91AE0055C555 /* Assets.xcassets */,
				195BBE99285D91AE0055C555 /* Preview Content */,
				19AFB117286862C6004A086C /* PhoneSessionManager.swift */,
				1981A61E286941D1009B361E /* UserDefaultsConstants.swift */,
				1981A62928699C49009B361E /* PhoneViewModel.swift */,
			);
			path = WongiTools;
			sourceTree = "<group>";
		};
		195BBE99285D91AE0055C555 /* Preview Content */ = {
			isa = PBXGroup;
			children = (
				195BBE9A285D91AE0055C555 /* Preview Assets.xcassets */,
			);
			path = "Preview Content";
			sourceTree = "<group>";
		};
		195BBEA2285D91AE0055C555 /* WongiTools WatchKit App */ = {
			isa = PBXGroup;
			children = (
				195BBEA3285D91B00055C555 /* Assets.xcassets */,
			);
			path = "WongiTools WatchKit App";
			sourceTree = "<group>";
		};
		195BBEAD285D91B00055C555 /* WongiTools WatchKit Extension */ = {
			isa = PBXGroup;
			children = (
				19AFB119286868AF004A086C /* Components */,
				19AFB11128685F1D004A086C /* Use Cases */,
				19AFB0FE286802E6004A086C /* WongiTools WatchKit Extension.entitlements */,
				195BBECC285D92E60055C555 /* Views */,
				195BBEAE285D91B00055C555 /* WongiToolsApp.swift */,
				195BBEB2285D91B00055C555 /* NotificationController.swift */,
				195BBEB4285D91B00055C555 /* NotificationView.swift */,
				195BBEB6285D91B00055C555 /* ComplicationController.swift */,
				195BBEB8285D91B10055C555 /* Assets.xcassets */,
				195BBEBD285D91B10055C555 /* Info.plist */,
				195BBEBE285D91B10055C555 /* PushNotificationPayload.apns */,
				195BBEBA285D91B10055C555 /* Preview Content */,
				19AFB10928683716004A086C /* WorkoutManager.swift */,
				19AFB10B2868592B004A086C /* WatchSessionManager.swift */,
				19AFB1152868616B004A086C /* WongiToolsAppViewModel.swift */,
			);
			path = "WongiTools WatchKit Extension";
			sourceTree = "<group>";
		};
		195BBEBA285D91B10055C555 /* Preview Content */ = {
			isa = PBXGroup;
			children = (
				195BBEBB285D91B10055C555 /* Preview Assets.xcassets */,
			);
			path = "Preview Content";
			sourceTree = "<group>";
		};
		195BBECC285D92E60055C555 /* Views */ = {
			isa = PBXGroup;
			children = (
				195BBEB0285D91B00055C555 /* StartView.swift */,
				195BBECF285D931C0055C555 /* ControlsView.swift */,
				19AFB10528680D22004A086C /* MetricsView.swift */,
				19AFB10728681747004A086C /* ElapsedTimeView.swift */,
			);
			path = Views;
			sourceTree = "<group>";
		};
		1981A61028690B1E009B361E /* Views */ = {
			isa = PBXGroup;
			children = (
				195BBE95285D91AC0055C555 /* ContentView.swift */,
				1981A61128691272009B361E /* StatusView.swift */,
				1981A61328691280009B361E /* ConfigView.swift */,
			);
			path = Views;
			sourceTree = "<group>";
		};
		1981A61828692391009B361E /* Modifiers */ = {
			isa = PBXGroup;
			children = (
				1981A619286923A3009B361E /* AppBackground.swift */,
			);
			path = Modifiers;
			sourceTree = "<group>";
		};
		1981A61B286940A6009B361E /* Services */ = {
			isa = PBXGroup;
			children = (
				1981A61C286940C2009B361E /* WTServerService.swift */,
			);
			path = Services;
			sourceTree = "<group>";
		};
		1981A6202869710C009B361E /* Components */ = {
			isa = PBXGroup;
			children = (
				1981A62128697120009B361E /* TestConnectionButton.swift */,
				1981A6252869810C009B361E /* PulseCircle.swift */,
				1981A6272869850E009B361E /* WTServerStatusCircle.swift */,
				19F0FB372869EDFE00D0B82E /* PulsingHeart.swift */,
				19F0FB392869EF4000D0B82E /* PhoneSessionStatusCircle.swift */,
			);
			path = Components;
			sourceTree = "<group>";
		};
		1981A62B28699EC0009B361E /* Use Cases */ = {
			isa = PBXGroup;
			children = (
				1981A62C28699ED6009B361E /* SendHeartRateWTServer.swift */,
				19F0FB44286A03E700D0B82E /* SendWatchStopSignal.swift */,
			);
			path = "Use Cases";
			sourceTree = "<group>";
		};
		19AFB0FF286802E7004A086C /* Frameworks */ = {
			isa = PBXGroup;
			children = (
				19AFB1032868031D004A086C /* HealthKit.framework */,
				19AFB100286802E7004A086C /* HealthKit.framework */,
				1004290F7EB4681320610B81 /* Pods_WongiTools.framework */,
				4B84A1948333F75926C3E933 /* Pods_WongiTools_WatchKit_App.framework */,
				F00F39C683B2DA4C6F02369D /* Pods_WongiTools_WatchKit_Extension.framework */,
			);
			name = Frameworks;
			sourceTree = "<group>";
		};
		19AFB10D28685CB2004A086C /* Shared */ = {
			isa = PBXGroup;
			children = (
				19AFB10E28685CC7004A086C /* WatchConnectivityConstants.swift */,
			);
			path = Shared;
			sourceTree = "<group>";
		};
		19AFB11128685F1D004A086C /* Use Cases */ = {
			isa = PBXGroup;
			children = (
				19AFB11228685F38004A086C /* SendHeartRate.swift */,
				19F0FB3D2869FE6C00D0B82E /* StopWorkoutSession.swift */,
			);
			path = "Use Cases";
			sourceTree = "<group>";
		};
		19AFB119286868AF004A086C /* Components */ = {
			isa = PBXGroup;
			children = (
				19AFB11A286868C5004A086C /* WatchConnectivityStatus.swift */,
			);
			path = Components;
			sourceTree = "<group>";
		};
		19F0FB3F286A026100D0B82E /* WTServer */ = {
			isa = PBXGroup;
			children = (
				1981A62328697C7F009B361E /* WTServerProve.swift */,
				19F0FB40286A026F00D0B82E /* WTAddress.swift */,
				19F0FB42286A029300D0B82E /* WTServerStatus.swift */,
				19828A33286A10AA00A22B32 /* WTServerFinder.swift */,
			);
			path = WTServer;
			sourceTree = "<group>";
		};
		894E2FE9826E02F7191E238C /* Pods */ = {
			isa = PBXGroup;
			children = (
				4EEAD07855D110FF324FB222 /* Pods-WongiTools.debug.xcconfig */,
				A43911FD08A4655240D36484 /* Pods-WongiTools.release.xcconfig */,
				78D218DA31133CE584315E73 /* Pods-WongiTools WatchKit App.debug.xcconfig */,
				2F3095137C5E5D3B7302BFBB /* Pods-WongiTools WatchKit App.release.xcconfig */,
				3C995207A8D2DC2819F79EB4 /* Pods-WongiTools WatchKit Extension.debug.xcconfig */,
				4A4B363201EB3A85015A61B3 /* Pods-WongiTools WatchKit Extension.release.xcconfig */,
			);
			path = Pods;
			sourceTree = "<group>";
		};
/* End PBXGroup section */

/* Begin PBXNativeTarget section */
		195BBE8F285D91AC0055C555 /* WongiTools */ = {
			isa = PBXNativeTarget;
			buildConfigurationList = 195BBEC9285D91B10055C555 /* Build configuration list for PBXNativeTarget "WongiTools" */;
			buildPhases = (
				C725509A4B91C8085DF61031 /* [CP] Check Pods Manifest.lock */,
				195BBE8C285D91AC0055C555 /* Sources */,
				195BBE8D285D91AC0055C555 /* Frameworks */,
				195BBE8E285D91AC0055C555 /* Resources */,
				195BBEC8285D91B10055C555 /* Embed Watch Content */,
				4150364034D7234706857EBC /* [CP] Embed Pods Frameworks */,
			);
			buildRules = (
			);
			dependencies = (
				195BBEA1285D91AE0055C555 /* PBXTargetDependency */,
			);
			name = WongiTools;
			productName = WongiTools;
			productReference = 195BBE90285D91AC0055C555 /* WongiTools.app */;
			productType = "com.apple.product-type.application";
		};
		195BBE9D285D91AE0055C555 /* WongiTools WatchKit App */ = {
			isa = PBXNativeTarget;
			buildConfigurationList = 195BBEC5285D91B10055C555 /* Build configuration list for PBXNativeTarget "WongiTools WatchKit App" */;
			buildPhases = (
				FB5E3B1630EC0D4B7493AEAA /* [CP] Check Pods Manifest.lock */,
				195BBE9C285D91AE0055C555 /* Resources */,
				195BBEC4285D91B10055C555 /* Embed App Extensions */,
				3C9DF98F3639A1EC96709812 /* Frameworks */,
			);
			buildRules = (
			);
			dependencies = (
				195BBEAC285D91B00055C555 /* PBXTargetDependency */,
			);
			name = "WongiTools WatchKit App";
			productName = "WongiTools WatchKit App";
			productReference = 195BBE9E285D91AE0055C555 /* WongiTools WatchKit App.app */;
			productType = "com.apple.product-type.application.watchapp2";
		};
		195BBEA8285D91B00055C555 /* WongiTools WatchKit Extension */ = {
			isa = PBXNativeTarget;
			buildConfigurationList = 195BBEC1285D91B10055C555 /* Build configuration list for PBXNativeTarget "WongiTools WatchKit Extension" */;
			buildPhases = (
				4B60914CDEEDB312ACCAD3E2 /* [CP] Check Pods Manifest.lock */,
				195BBEA5285D91B00055C555 /* Sources */,
				195BBEA6285D91B00055C555 /* Frameworks */,
				195BBEA7285D91B00055C555 /* Resources */,
			);
			buildRules = (
			);
			dependencies = (
			);
			name = "WongiTools WatchKit Extension";
			productName = "WongiTools WatchKit Extension";
			productReference = 195BBEA9285D91B00055C555 /* WongiTools WatchKit Extension.appex */;
			productType = "com.apple.product-type.watchkit2-extension";
		};
/* End PBXNativeTarget section */

/* Begin PBXProject section */
		195BBE88285D91AC0055C555 /* Project object */ = {
			isa = PBXProject;
			attributes = {
				BuildIndependentTargetsInParallel = 1;
				LastSwiftUpdateCheck = 1340;
				LastUpgradeCheck = 1340;
				TargetAttributes = {
					195BBE8F285D91AC0055C555 = {
						CreatedOnToolsVersion = 13.4.1;
					};
					195BBE9D285D91AE0055C555 = {
						CreatedOnToolsVersion = 13.4.1;
					};
					195BBEA8285D91B00055C555 = {
						CreatedOnToolsVersion = 13.4.1;
					};
				};
			};
			buildConfigurationList = 195BBE8B285D91AC0055C555 /* Build configuration list for PBXProject "WongiTools" */;
			compatibilityVersion = "Xcode 13.0";
			developmentRegion = en;
			hasScannedForEncodings = 0;
			knownRegions = (
				en,
				Base,
			);
			mainGroup = 195BBE87285D91AC0055C555;
			productRefGroup = 195BBE91285D91AC0055C555 /* Products */;
			projectDirPath = "";
			projectRoot = "";
			targets = (
				195BBE8F285D91AC0055C555 /* WongiTools */,
				195BBE9D285D91AE0055C555 /* WongiTools WatchKit App */,
				195BBEA8285D91B00055C555 /* WongiTools WatchKit Extension */,
			);
		};
/* End PBXProject section */

/* Begin PBXResourcesBuildPhase section */
		195BBE8E285D91AC0055C555 /* Resources */ = {
			isa = PBXResourcesBuildPhase;
			buildActionMask = 2147483647;
			files = (
				195BBE9B285D91AE0055C555 /* Preview Assets.xcassets in Resources */,
				195BBE98285D91AE0055C555 /* Assets.xcassets in Resources */,
			);
			runOnlyForDeploymentPostprocessing = 0;
		};
		195BBE9C285D91AE0055C555 /* Resources */ = {
			isa = PBXResourcesBuildPhase;
			buildActionMask = 2147483647;
			files = (
				195BBEA4285D91B00055C555 /* Assets.xcassets in Resources */,
			);
			runOnlyForDeploymentPostprocessing = 0;
		};
		195BBEA7285D91B00055C555 /* Resources */ = {
			isa = PBXResourcesBuildPhase;
			buildActionMask = 2147483647;
			files = (
				195BBEBC285D91B10055C555 /* Preview Assets.xcassets in Resources */,
				195BBEB9285D91B10055C555 /* Assets.xcassets in Resources */,
			);
			runOnlyForDeploymentPostprocessing = 0;
		};
/* End PBXResourcesBuildPhase section */

/* Begin PBXShellScriptBuildPhase section */
		4150364034D7234706857EBC /* [CP] Embed Pods Frameworks */ = {
			isa = PBXShellScriptBuildPhase;
			buildActionMask = 2147483647;
			files = (
			);
			inputFileListPaths = (
				"${PODS_ROOT}/Target Support Files/Pods-WongiTools/Pods-WongiTools-frameworks-${CONFIGURATION}-input-files.xcfilelist",
			);
			name = "[CP] Embed Pods Frameworks";
			outputFileListPaths = (
				"${PODS_ROOT}/Target Support Files/Pods-WongiTools/Pods-WongiTools-frameworks-${CONFIGURATION}-output-files.xcfilelist",
			);
			runOnlyForDeploymentPostprocessing = 0;
			shellPath = /bin/sh;
			shellScript = "\"${PODS_ROOT}/Target Support Files/Pods-WongiTools/Pods-WongiTools-frameworks.sh\"\n";
			showEnvVarsInLog = 0;
		};
		4B60914CDEEDB312ACCAD3E2 /* [CP] Check Pods Manifest.lock */ = {
			isa = PBXShellScriptBuildPhase;
			buildActionMask = 2147483647;
			files = (
			);
			inputFileListPaths = (
			);
			inputPaths = (
				"${PODS_PODFILE_DIR_PATH}/Podfile.lock",
				"${PODS_ROOT}/Manifest.lock",
			);
			name = "[CP] Check Pods Manifest.lock";
			outputFileListPaths = (
			);
			outputPaths = (
				"$(DERIVED_FILE_DIR)/Pods-WongiTools WatchKit Extension-checkManifestLockResult.txt",
			);
			runOnlyForDeploymentPostprocessing = 0;
			shellPath = /bin/sh;
			shellScript = "diff \"${PODS_PODFILE_DIR_PATH}/Podfile.lock\" \"${PODS_ROOT}/Manifest.lock\" > /dev/null\nif [ $? != 0 ] ; then\n    # print error to STDERR\n    echo \"error: The sandbox is not in sync with the Podfile.lock. Run 'pod install' or update your CocoaPods installation.\" >&2\n    exit 1\nfi\n# This output is used by Xcode 'outputs' to avoid re-running this script phase.\necho \"SUCCESS\" > \"${SCRIPT_OUTPUT_FILE_0}\"\n";
			showEnvVarsInLog = 0;
		};
		C725509A4B91C8085DF61031 /* [CP] Check Pods Manifest.lock */ = {
			isa = PBXShellScriptBuildPhase;
			buildActionMask = 2147483647;
			files = (
			);
			inputFileListPaths = (
			);
			inputPaths = (
				"${PODS_PODFILE_DIR_PATH}/Podfile.lock",
				"${PODS_ROOT}/Manifest.lock",
			);
			name = "[CP] Check Pods Manifest.lock";
			outputFileListPaths = (
			);
			outputPaths = (
				"$(DERIVED_FILE_DIR)/Pods-WongiTools-checkManifestLockResult.txt",
			);
			runOnlyForDeploymentPostprocessing = 0;
			shellPath = /bin/sh;
			shellScript = "diff \"${PODS_PODFILE_DIR_PATH}/Podfile.lock\" \"${PODS_ROOT}/Manifest.lock\" > /dev/null\nif [ $? != 0 ] ; then\n    # print error to STDERR\n    echo \"error: The sandbox is not in sync with the Podfile.lock. Run 'pod install' or update your CocoaPods installation.\" >&2\n    exit 1\nfi\n# This output is used by Xcode 'outputs' to avoid re-running this script phase.\necho \"SUCCESS\" > \"${SCRIPT_OUTPUT_FILE_0}\"\n";
			showEnvVarsInLog = 0;
		};
		FB5E3B1630EC0D4B7493AEAA /* [CP] Check Pods Manifest.lock */ = {
			isa = PBXShellScriptBuildPhase;
			buildActionMask = 2147483647;
			files = (
			);
			inputFileListPaths = (
			);
			inputPaths = (
				"${PODS_PODFILE_DIR_PATH}/Podfile.lock",
				"${PODS_ROOT}/Manifest.lock",
			);
			name = "[CP] Check Pods Manifest.lock";
			outputFileListPaths = (
			);
			outputPaths = (
				"$(DERIVED_FILE_DIR)/Pods-WongiTools WatchKit App-checkManifestLockResult.txt",
			);
			runOnlyForDeploymentPostprocessing = 0;
			shellPath = /bin/sh;
			shellScript = "diff \"${PODS_PODFILE_DIR_PATH}/Podfile.lock\" \"${PODS_ROOT}/Manifest.lock\" > /dev/null\nif [ $? != 0 ] ; then\n    # print error to STDERR\n    echo \"error: The sandbox is not in sync with the Podfile.lock. Run 'pod install' or update your CocoaPods installation.\" >&2\n    exit 1\nfi\n# This output is used by Xcode 'outputs' to avoid re-running this script phase.\necho \"SUCCESS\" > \"${SCRIPT_OUTPUT_FILE_0}\"\n";
			showEnvVarsInLog = 0;
		};
/* End PBXShellScriptBuildPhase section */

/* Begin PBXSourcesBuildPhase section */
		195BBE8C285D91AC0055C555 /* Sources */ = {
			isa = PBXSourcesBuildPhase;
			buildActionMask = 2147483647;
			files = (
				1981A61428691280009B361E /* ConfigView.swift in Sources */,
				19F0FB45286A03E700D0B82E /* SendWatchStopSignal.swift in Sources */,
				19AFB10F28685CC7004A086C /* WatchConnectivityConstants.swift in Sources */,
				19AFB118286862C6004A086C /* PhoneSessionManager.swift in Sources */,
				19F0FB382869EDFE00D0B82E /* PulsingHeart.swift in Sources */,
				1981A6282869850E009B361E /* WTServerStatusCircle.swift in Sources */,
				19F0FB41286A026F00D0B82E /* WTAddress.swift in Sources */,
				1981A61D286940C2009B361E /* WTServerService.swift in Sources */,
				19F0FB3A2869EF4000D0B82E /* PhoneSessionStatusCircle.swift in Sources */,
				1981A61A286923A3009B361E /* AppBackground.swift in Sources */,
				195BBE96285D91AC0055C555 /* ContentView.swift in Sources */,
				19F0FB43286A029300D0B82E /* WTServerStatus.swift in Sources */,
				195BBE94285D91AC0055C555 /* WongiToolsApp.swift in Sources */,
				1981A6262869810C009B361E /* PulseCircle.swift in Sources */,
				1981A62428697C7F009B361E /* WTServerProve.swift in Sources */,
				19828A34286A10AA00A22B32 /* WTServerFinder.swift in Sources */,
				1981A61228691272009B361E /* StatusView.swift in Sources */,
				1981A61F286941D1009B361E /* UserDefaultsConstants.swift in Sources */,
				1981A62228697120009B361E /* TestConnectionButton.swift in Sources */,
				1981A62A28699C49009B361E /* PhoneViewModel.swift in Sources */,
				1981A62D28699ED6009B361E /* SendHeartRateWTServer.swift in Sources */,
			);
			runOnlyForDeploymentPostprocessing = 0;
		};
		195BBEA5285D91B00055C555 /* Sources */ = {
			isa = PBXSourcesBuildPhase;
			buildActionMask = 2147483647;
			files = (
				19AFB11B286868C5004A086C /* WatchConnectivityStatus.swift in Sources */,
				19AFB11428685F38004A086C /* SendHeartRate.swift in Sources */,
				19AFB10828681747004A086C /* ElapsedTimeView.swift in Sources */,
				195BBEB3285D91B00055C555 /* NotificationController.swift in Sources */,
				19AFB11028685CC7004A086C /* WatchConnectivityConstants.swift in Sources */,
				19AFB10A28683716004A086C /* WorkoutManager.swift in Sources */,
				19AFB10628680D22004A086C /* MetricsView.swift in Sources */,
				19AFB10C2868592B004A086C /* WatchSessionManager.swift in Sources */,
				195BBEB1285D91B00055C555 /* StartView.swift in Sources */,
				195BBEB7285D91B00055C555 /* ComplicationController.swift in Sources */,
				195BBEAF285D91B00055C555 /* WongiToolsApp.swift in Sources */,
				195BBED0285D931C0055C555 /* ControlsView.swift in Sources */,
				19AFB1162868616B004A086C /* WongiToolsAppViewModel.swift in Sources */,
				19F0FB3E2869FE6C00D0B82E /* StopWorkoutSession.swift in Sources */,
				195BBEB5285D91B00055C555 /* NotificationView.swift in Sources */,
			);
			runOnlyForDeploymentPostprocessing = 0;
		};
/* End PBXSourcesBuildPhase section */

/* Begin PBXTargetDependency section */
		195BBEA1285D91AE0055C555 /* PBXTargetDependency */ = {
			isa = PBXTargetDependency;
			target = 195BBE9D285D91AE0055C555 /* WongiTools WatchKit App */;
			targetProxy = 195BBEA0285D91AE0055C555 /* PBXContainerItemProxy */;
		};
		195BBEAC285D91B00055C555 /* PBXTargetDependency */ = {
			isa = PBXTargetDependency;
			target = 195BBEA8285D91B00055C555 /* WongiTools WatchKit Extension */;
			targetProxy = 195BBEAB285D91B00055C555 /* PBXContainerItemProxy */;
		};
/* End PBXTargetDependency section */

/* Begin XCBuildConfiguration section */
		195BBEBF285D91B10055C555 /* Debug */ = {
			isa = XCBuildConfiguration;
			buildSettings = {
				ALWAYS_SEARCH_USER_PATHS = NO;
				CLANG_ANALYZER_NONNULL = YES;
				CLANG_ANALYZER_NUMBER_OBJECT_CONVERSION = YES_AGGRESSIVE;
				CLANG_CXX_LANGUAGE_STANDARD = "gnu++17";
				CLANG_ENABLE_MODULES = YES;
				CLANG_ENABLE_OBJC_ARC = YES;
				CLANG_ENABLE_OBJC_WEAK = YES;
				CLANG_WARN_BLOCK_CAPTURE_AUTORELEASING = YES;
				CLANG_WARN_BOOL_CONVERSION = YES;
				CLANG_WARN_COMMA = YES;
				CLANG_WARN_CONSTANT_CONVERSION = YES;
				CLANG_WARN_DEPRECATED_OBJC_IMPLEMENTATIONS = YES;
				CLANG_WARN_DIRECT_OBJC_ISA_USAGE = YES_ERROR;
				CLANG_WARN_DOCUMENTATION_COMMENTS = YES;
				CLANG_WARN_EMPTY_BODY = YES;
				CLANG_WARN_ENUM_CONVERSION = YES;
				CLANG_WARN_INFINITE_RECURSION = YES;
				CLANG_WARN_INT_CONVERSION = YES;
				CLANG_WARN_NON_LITERAL_NULL_CONVERSION = YES;
				CLANG_WARN_OBJC_IMPLICIT_RETAIN_SELF = YES;
				CLANG_WARN_OBJC_LITERAL_CONVERSION = YES;
				CLANG_WARN_OBJC_ROOT_CLASS = YES_ERROR;
				CLANG_WARN_QUOTED_INCLUDE_IN_FRAMEWORK_HEADER = YES;
				CLANG_WARN_RANGE_LOOP_ANALYSIS = YES;
				CLANG_WARN_STRICT_PROTOTYPES = YES;
				CLANG_WARN_SUSPICIOUS_MOVE = YES;
				CLANG_WARN_UNGUARDED_AVAILABILITY = YES_AGGRESSIVE;
				CLANG_WARN_UNREACHABLE_CODE = YES;
				CLANG_WARN__DUPLICATE_METHOD_MATCH = YES;
				COPY_PHASE_STRIP = NO;
				DEBUG_INFORMATION_FORMAT = dwarf;
				ENABLE_STRICT_OBJC_MSGSEND = YES;
				ENABLE_TESTABILITY = YES;
				GCC_C_LANGUAGE_STANDARD = gnu11;
				GCC_DYNAMIC_NO_PIC = NO;
				GCC_NO_COMMON_BLOCKS = YES;
				GCC_OPTIMIZATION_LEVEL = 0;
				GCC_PREPROCESSOR_DEFINITIONS = (
					"DEBUG=1",
					"$(inherited)",
				);
				GCC_WARN_64_TO_32_BIT_CONVERSION = YES;
				GCC_WARN_ABOUT_RETURN_TYPE = YES_ERROR;
				GCC_WARN_UNDECLARED_SELECTOR = YES;
				GCC_WARN_UNINITIALIZED_AUTOS = YES_AGGRESSIVE;
				GCC_WARN_UNUSED_FUNCTION = YES;
				GCC_WARN_UNUSED_VARIABLE = YES;
				MTL_ENABLE_DEBUG_INFO = INCLUDE_SOURCE;
				MTL_FAST_MATH = YES;
				ONLY_ACTIVE_ARCH = YES;
				SWIFT_ACTIVE_COMPILATION_CONDITIONS = DEBUG;
				SWIFT_OPTIMIZATION_LEVEL = "-Onone";
			};
			name = Debug;
		};
		195BBEC0285D91B10055C555 /* Release */ = {
			isa = XCBuildConfiguration;
			buildSettings = {
				ALWAYS_SEARCH_USER_PATHS = NO;
				CLANG_ANALYZER_NONNULL = YES;
				CLANG_ANALYZER_NUMBER_OBJECT_CONVERSION = YES_AGGRESSIVE;
				CLANG_CXX_LANGUAGE_STANDARD = "gnu++17";
				CLANG_ENABLE_MODULES = YES;
				CLANG_ENABLE_OBJC_ARC = YES;
				CLANG_ENABLE_OBJC_WEAK = YES;
				CLANG_WARN_BLOCK_CAPTURE_AUTORELEASING = YES;
				CLANG_WARN_BOOL_CONVERSION = YES;
				CLANG_WARN_COMMA = YES;
				CLANG_WARN_CONSTANT_CONVERSION = YES;
				CLANG_WARN_DEPRECATED_OBJC_IMPLEMENTATIONS = YES;
				CLANG_WARN_DIRECT_OBJC_ISA_USAGE = YES_ERROR;
				CLANG_WARN_DOCUMENTATION_COMMENTS = YES;
				CLANG_WARN_EMPTY_BODY = YES;
				CLANG_WARN_ENUM_CONVERSION = YES;
				CLANG_WARN_INFINITE_RECURSION = YES;
				CLANG_WARN_INT_CONVERSION = YES;
				CLANG_WARN_NON_LITERAL_NULL_CONVERSION = YES;
				CLANG_WARN_OBJC_IMPLICIT_RETAIN_SELF = YES;
				CLANG_WARN_OBJC_LITERAL_CONVERSION = YES;
				CLANG_WARN_OBJC_ROOT_CLASS = YES_ERROR;
				CLANG_WARN_QUOTED_INCLUDE_IN_FRAMEWORK_HEADER = YES;
				CLANG_WARN_RANGE_LOOP_ANALYSIS = YES;
				CLANG_WARN_STRICT_PROTOTYPES = YES;
				CLANG_WARN_SUSPICIOUS_MOVE = YES;
				CLANG_WARN_UNGUARDED_AVAILABILITY = YES_AGGRESSIVE;
				CLANG_WARN_UNREACHABLE_CODE = YES;
				CLANG_WARN__DUPLICATE_METHOD_MATCH = YES;
				COPY_PHASE_STRIP = NO;
				DEBUG_INFORMATION_FORMAT = "dwarf-with-dsym";
				ENABLE_NS_ASSERTIONS = NO;
				ENABLE_STRICT_OBJC_MSGSEND = YES;
				GCC_C_LANGUAGE_STANDARD = gnu11;
				GCC_NO_COMMON_BLOCKS = YES;
				GCC_WARN_64_TO_32_BIT_CONVERSION = YES;
				GCC_WARN_ABOUT_RETURN_TYPE = YES_ERROR;
				GCC_WARN_UNDECLARED_SELECTOR = YES;
				GCC_WARN_UNINITIALIZED_AUTOS = YES_AGGRESSIVE;
				GCC_WARN_UNUSED_FUNCTION = YES;
				GCC_WARN_UNUSED_VARIABLE = YES;
				MTL_ENABLE_DEBUG_INFO = NO;
				MTL_FAST_MATH = YES;
				SWIFT_COMPILATION_MODE = wholemodule;
				SWIFT_OPTIMIZATION_LEVEL = "-O";
			};
			name = Release;
		};
		195BBEC2285D91B10055C555 /* Debug */ = {
			isa = XCBuildConfiguration;
			baseConfigurationReference = 3C995207A8D2DC2819F79EB4 /* Pods-WongiTools WatchKit Extension.debug.xcconfig */;
			buildSettings = {
				ASSETCATALOG_COMPILER_COMPLICATION_NAME = Complication;
				CODE_SIGN_ENTITLEMENTS = "WongiTools WatchKit Extension/WongiTools WatchKit Extension.entitlements";
				CODE_SIGN_STYLE = Automatic;
				CURRENT_PROJECT_VERSION = 1;
				DEVELOPMENT_ASSET_PATHS = "\"WongiTools WatchKit Extension/Preview Content\"";
				DEVELOPMENT_TEAM = PSS9ZU5D9Q;
				ENABLE_PREVIEWS = YES;
				GENERATE_INFOPLIST_FILE = YES;
				INFOPLIST_FILE = "WongiTools WatchKit Extension/Info.plist";
				INFOPLIST_KEY_CFBundleDisplayName = "WongiTools WatchKit Extension";
				INFOPLIST_KEY_CLKComplicationPrincipalClass = WongiTools_WatchKit_Extension.ComplicationController;
				INFOPLIST_KEY_NSHealthShareUsageDescription = "This app requires access to your health data";
				INFOPLIST_KEY_NSHealthUpdateUsageDescription = "This app requires access to your health data";
				INFOPLIST_KEY_NSHumanReadableCopyright = "";
				INFOPLIST_KEY_WKRunsIndependentlyOfCompanionApp = YES;
				LD_RUNPATH_SEARCH_PATHS = (
					"$(inherited)",
					"@executable_path/Frameworks",
					"@executable_path/../../Frameworks",
				);
				MARKETING_VERSION = 1.0;
				PRODUCT_BUNDLE_IDENTIFIER = com.lalmaguer.WongiTools.watchkitapp.watchkitextension;
				PRODUCT_NAME = "${TARGET_NAME}";
				SDKROOT = watchos;
				SKIP_INSTALL = YES;
				SWIFT_EMIT_LOC_STRINGS = YES;
				SWIFT_VERSION = 5.0;
				TARGETED_DEVICE_FAMILY = 4;
				WATCHOS_DEPLOYMENT_TARGET = 8.5;
			};
			name = Debug;
		};
		195BBEC3285D91B10055C555 /* Release */ = {
			isa = XCBuildConfiguration;
			baseConfigurationReference = 4A4B363201EB3A85015A61B3 /* Pods-WongiTools WatchKit Extension.release.xcconfig */;
			buildSettings = {
				ASSETCATALOG_COMPILER_COMPLICATION_NAME = Complication;
				CODE_SIGN_ENTITLEMENTS = "WongiTools WatchKit Extension/WongiTools WatchKit Extension.entitlements";
				CODE_SIGN_STYLE = Automatic;
				CURRENT_PROJECT_VERSION = 1;
				DEVELOPMENT_ASSET_PATHS = "\"WongiTools WatchKit Extension/Preview Content\"";
				DEVELOPMENT_TEAM = PSS9ZU5D9Q;
				ENABLE_PREVIEWS = YES;
				GENERATE_INFOPLIST_FILE = YES;
				INFOPLIST_FILE = "WongiTools WatchKit Extension/Info.plist";
				INFOPLIST_KEY_CFBundleDisplayName = "WongiTools WatchKit Extension";
				INFOPLIST_KEY_CLKComplicationPrincipalClass = WongiTools_WatchKit_Extension.ComplicationController;
				INFOPLIST_KEY_NSHealthShareUsageDescription = "This app requires access to your health data";
				INFOPLIST_KEY_NSHealthUpdateUsageDescription = "This app requires access to your health data";
				INFOPLIST_KEY_NSHumanReadableCopyright = "";
				INFOPLIST_KEY_WKRunsIndependentlyOfCompanionApp = YES;
				LD_RUNPATH_SEARCH_PATHS = (
					"$(inherited)",
					"@executable_path/Frameworks",
					"@executable_path/../../Frameworks",
				);
				MARKETING_VERSION = 1.0;
				PRODUCT_BUNDLE_IDENTIFIER = com.lalmaguer.WongiTools.watchkitapp.watchkitextension;
				PRODUCT_NAME = "${TARGET_NAME}";
				SDKROOT = watchos;
				SKIP_INSTALL = YES;
				SWIFT_EMIT_LOC_STRINGS = YES;
				SWIFT_VERSION = 5.0;
				TARGETED_DEVICE_FAMILY = 4;
				VALIDATE_PRODUCT = YES;
				WATCHOS_DEPLOYMENT_TARGET = 8.5;
			};
			name = Release;
		};
		195BBEC6285D91B10055C555 /* Debug */ = {
			isa = XCBuildConfiguration;
			baseConfigurationReference = 78D218DA31133CE584315E73 /* Pods-WongiTools WatchKit App.debug.xcconfig */;
			buildSettings = {
				ALWAYS_EMBED_SWIFT_STANDARD_LIBRARIES = YES;
				ASSETCATALOG_COMPILER_APPICON_NAME = AppIcon;
				ASSETCATALOG_COMPILER_GLOBAL_ACCENT_COLOR_NAME = AccentColor;
				CODE_SIGN_STYLE = Automatic;
				CURRENT_PROJECT_VERSION = 1;
				DEVELOPMENT_TEAM = PSS9ZU5D9Q;
				GENERATE_INFOPLIST_FILE = YES;
				IBSC_MODULE = WongiTools_WatchKit_Extension;
				INFOPLIST_KEY_CFBundleDisplayName = "WongiTools WatchKit App";
				INFOPLIST_KEY_UISupportedInterfaceOrientations = "UIInterfaceOrientationPortrait UIInterfaceOrientationPortraitUpsideDown";
				INFOPLIST_KEY_WKCompanionAppBundleIdentifier = com.lalmaguer.WongiTools;
				MARKETING_VERSION = 1.0;
				PRODUCT_BUNDLE_IDENTIFIER = com.lalmaguer.WongiTools.watchkitapp;
				PRODUCT_NAME = "$(TARGET_NAME)";
				SDKROOT = watchos;
				SKIP_INSTALL = YES;
				SWIFT_EMIT_LOC_STRINGS = YES;
				SWIFT_VERSION = 5.0;
				TARGETED_DEVICE_FAMILY = 4;
				WATCHOS_DEPLOYMENT_TARGET = 8.5;
			};
			name = Debug;
		};
		195BBEC7285D91B10055C555 /* Release */ = {
			isa = XCBuildConfiguration;
			baseConfigurationReference = 2F3095137C5E5D3B7302BFBB /* Pods-WongiTools WatchKit App.release.xcconfig */;
			buildSettings = {
				ALWAYS_EMBED_SWIFT_STANDARD_LIBRARIES = YES;
				ASSETCATALOG_COMPILER_APPICON_NAME = AppIcon;
				ASSETCATALOG_COMPILER_GLOBAL_ACCENT_COLOR_NAME = AccentColor;
				CODE_SIGN_STYLE = Automatic;
				CURRENT_PROJECT_VERSION = 1;
				DEVELOPMENT_TEAM = PSS9ZU5D9Q;
				GENERATE_INFOPLIST_FILE = YES;
				IBSC_MODULE = WongiTools_WatchKit_Extension;
				INFOPLIST_KEY_CFBundleDisplayName = "WongiTools WatchKit App";
				INFOPLIST_KEY_UISupportedInterfaceOrientations = "UIInterfaceOrientationPortrait UIInterfaceOrientationPortraitUpsideDown";
				INFOPLIST_KEY_WKCompanionAppBundleIdentifier = com.lalmaguer.WongiTools;
				MARKETING_VERSION = 1.0;
				PRODUCT_BUNDLE_IDENTIFIER = com.lalmaguer.WongiTools.watchkitapp;
				PRODUCT_NAME = "$(TARGET_NAME)";
				SDKROOT = watchos;
				SKIP_INSTALL = YES;
				SWIFT_EMIT_LOC_STRINGS = YES;
				SWIFT_VERSION = 5.0;
				TARGETED_DEVICE_FAMILY = 4;
				VALIDATE_PRODUCT = YES;
				WATCHOS_DEPLOYMENT_TARGET = 8.5;
			};
			name = Release;
		};
		195BBECA285D91B10055C555 /* Debug */ = {
			isa = XCBuildConfiguration;
			baseConfigurationReference = 4EEAD07855D110FF324FB222 /* Pods-WongiTools.debug.xcconfig */;
			buildSettings = {
				ASSETCATALOG_COMPILER_APPICON_NAME = AppIcon;
				ASSETCATALOG_COMPILER_GLOBAL_ACCENT_COLOR_NAME = AccentColor;
				CODE_SIGN_ENTITLEMENTS = WongiTools/WongiTools.entitlements;
				CODE_SIGN_STYLE = Automatic;
				CURRENT_PROJECT_VERSION = 1;
				DEVELOPMENT_ASSET_PATHS = "\"WongiTools/Preview Content\"";
				DEVELOPMENT_TEAM = PSS9ZU5D9Q;
				ENABLE_PREVIEWS = YES;
				GENERATE_INFOPLIST_FILE = YES;
				INFOPLIST_FILE = WongiTools/Info.plist;
				INFOPLIST_KEY_NSLocalNetworkUsageDescription = "WongiTools uses the local network to send heart rate information to your overlay";
				INFOPLIST_KEY_UIApplicationSceneManifest_Generation = YES;
				INFOPLIST_KEY_UIApplicationSupportsIndirectInputEvents = YES;
				INFOPLIST_KEY_UILaunchScreen_Generation = YES;
				INFOPLIST_KEY_UISupportedInterfaceOrientations_iPad = "UIInterfaceOrientationPortrait UIInterfaceOrientationPortraitUpsideDown UIInterfaceOrientationLandscapeLeft UIInterfaceOrientationLandscapeRight";
				INFOPLIST_KEY_UISupportedInterfaceOrientations_iPhone = "UIInterfaceOrientationPortrait UIInterfaceOrientationLandscapeLeft UIInterfaceOrientationLandscapeRight";
				IPHONEOS_DEPLOYMENT_TARGET = 15.5;
				LD_RUNPATH_SEARCH_PATHS = (
					"$(inherited)",
					"@executable_path/Frameworks",
				);
				MARKETING_VERSION = 1.0;
				PRODUCT_BUNDLE_IDENTIFIER = com.lalmaguer.WongiTools;
				PRODUCT_NAME = "$(TARGET_NAME)";
				SDKROOT = iphoneos;
				SWIFT_EMIT_LOC_STRINGS = YES;
				SWIFT_VERSION = 5.0;
				TARGETED_DEVICE_FAMILY = "1,2";
			};
			name = Debug;
		};
		195BBECB285D91B10055C555 /* Release */ = {
			isa = XCBuildConfiguration;
			baseConfigurationReference = A43911FD08A4655240D36484 /* Pods-WongiTools.release.xcconfig */;
			buildSettings = {
				ASSETCATALOG_COMPILER_APPICON_NAME = AppIcon;
				ASSETCATALOG_COMPILER_GLOBAL_ACCENT_COLOR_NAME = AccentColor;
				CODE_SIGN_ENTITLEMENTS = WongiTools/WongiTools.entitlements;
				CODE_SIGN_STYLE = Automatic;
				CURRENT_PROJECT_VERSION = 1;
				DEVELOPMENT_ASSET_PATHS = "\"WongiTools/Preview Content\"";
				DEVELOPMENT_TEAM = PSS9ZU5D9Q;
				ENABLE_PREVIEWS = YES;
				GENERATE_INFOPLIST_FILE = YES;
				INFOPLIST_FILE = WongiTools/Info.plist;
				INFOPLIST_KEY_NSLocalNetworkUsageDescription = "WongiTools uses the local network to send heart rate information to your overlay";
				INFOPLIST_KEY_UIApplicationSceneManifest_Generation = YES;
				INFOPLIST_KEY_UIApplicationSupportsIndirectInputEvents = YES;
				INFOPLIST_KEY_UILaunchScreen_Generation = YES;
				INFOPLIST_KEY_UISupportedInterfaceOrientations_iPad = "UIInterfaceOrientationPortrait UIInterfaceOrientationPortraitUpsideDown UIInterfaceOrientationLandscapeLeft UIInterfaceOrientationLandscapeRight";
				INFOPLIST_KEY_UISupportedInterfaceOrientations_iPhone = "UIInterfaceOrientationPortrait UIInterfaceOrientationLandscapeLeft UIInterfaceOrientationLandscapeRight";
				IPHONEOS_DEPLOYMENT_TARGET = 15.5;
				LD_RUNPATH_SEARCH_PATHS = (
					"$(inherited)",
					"@executable_path/Frameworks",
				);
				MARKETING_VERSION = 1.0;
				PRODUCT_BUNDLE_IDENTIFIER = com.lalmaguer.WongiTools;
				PRODUCT_NAME = "$(TARGET_NAME)";
				SDKROOT = iphoneos;
				SWIFT_EMIT_LOC_STRINGS = YES;
				SWIFT_VERSION = 5.0;
				TARGETED_DEVICE_FAMILY = "1,2";
				VALIDATE_PRODUCT = YES;
			};
			name = Release;
		};
/* End XCBuildConfiguration section */

/* Begin XCConfigurationList section */
		195BBE8B285D91AC0055C555 /* Build configuration list for PBXProject "WongiTools" */ = {
			isa = XCConfigurationList;
			buildConfigurations = (
				195BBEBF285D91B10055C555 /* Debug */,
				195BBEC0285D91B10055C555 /* Release */,
			);
			defaultConfigurationIsVisible = 0;
			defaultConfigurationName = Release;
		};
		195BBEC1285D91B10055C555 /* Build configuration list for PBXNativeTarget "WongiTools WatchKit Extension" */ = {
			isa = XCConfigurationList;
			buildConfigurations = (
				195BBEC2285D91B10055C555 /* Debug */,
				195BBEC3285D91B10055C555 /* Release */,
			);
			defaultConfigurationIsVisible = 0;
			defaultConfigurationName = Release;
		};
		195BBEC5285D91B10055C555 /* Build configuration list for PBXNativeTarget "WongiTools WatchKit App" */ = {
			isa = XCConfigurationList;
			buildConfigurations = (
				195BBEC6285D91B10055C555 /* Debug */,
				195BBEC7285D91B10055C555 /* Release */,
			);
			defaultConfigurationIsVisible = 0;
			defaultConfigurationName = Release;
		};
		195BBEC9285D91B10055C555 /* Build configuration list for PBXNativeTarget "WongiTools" */ = {
			isa = XCConfigurationList;
			buildConfigurations = (
				195BBECA285D91B10055C555 /* Debug */,
				195BBECB285D91B10055C555 /* Release */,
			);
			defaultConfigurationIsVisible = 0;
			defaultConfigurationName = Release;
		};
/* End XCConfigurationList section */
	};
	rootObject = 195BBE88285D91AC0055C555 /* Project object */;
}
